
Microsoft Visual Studio Solution File, Format Version 12.00
# Visual Studio Version 17
VisualStudioVersion = 17.4.33205.214
MinimumVisualStudioVersion = 10.0.40219.1
Project("{8BC9CEB8-8B4A-11D0-8D11-00A0C91BC942}") = "Demo-01", "Demo-01\Demo-01.vcxproj", "{30E0DB20-D91C-4B7F-BF46-2FFC8EEC6321}"
EndProject
Global
	GlobalSection(SolutionConfigurationPlatforms) = preSolution
		Debug|x64 = Debug|x64
		Debug|x86 = Debug|x86
		Release|x64 = Release|x64
		Release|x86 = Release|x86
	EndGlobalSection
	GlobalSection(ProjectConfigurationPlatforms) = postSolution
		{30E0DB20-D91C-4B7F-BF46-2FFC8EEC6321}.Debug|x64.ActiveCfg = Debug|x64
		{30E0DB20-D91C-4B7F-BF46-2FFC8EEC6321}.Debug|x64.Build.0 = Debug|x64
		{30E0DB20-D91C-4B7F-BF46-2FFC8EEC6321}.Debug|x86.ActiveCfg = Debug|Win32
		{30E0DB20-D91C-4B7F-BF46-2FFC8EEC6321}.Debug|x86.Build.0 = Debug|Win32
		{30E0DB20-D91C-4B7F-BF46-2FFC8EEC6321}.Release|x64.ActiveCfg = Release|x64
		{30E0DB20-D91C-4B7F-BF46-2FFC8EEC6321}.Release|x64.Build.0 = Release|x64
		{30E0DB20-D91C-4B7F-BF46-2FFC8EEC6321}.Release|x86.ActiveCfg = Release|Win32
		{30E0DB20-D91C-4B7F-BF46-2FFC8EEC6321}.Release|x86.Build.0 = Release|Win32
	EndGlobalSection
	GlobalSection(SolutionProperties) = preSolution
		HideSolutionNode = FALSE
	EndGlobalSection
	GlobalSection(ExtensibilityGlobals) = postSolution
		SolutionGuid = {E4AA5D50-79E8-4FF3-BBFB-4BFB9EFE6C78}
	EndGlobalSection
EndGlobal
